{
  "lockfileVersion": 1,
  "configVersion": 1,
  "workspaces": {
    "": {
      "name": "@corbits/webhooks",
      "dependencies": {
        "@intx/crypto": "0.3.0",
        "@intx/db": "0.3.0",
        "@intx/hub-api": "0.3.0",
        "@intx/mime": "0.3.0",
        "@intx/types": "0.3.0",
        "hono": "4.11.9",
      },
      "devDependencies": {
        "@types/bun": "1.3.9",
        "typescript": "5.9.3",
      },
    },
  },
  "packages": {
    "@ark/schema": ["@ark/schema@0.56.2", "", { "dependencies": { "@ark/util": "0.56.2" } }, "sha512-Qx4D2JFbBWpntiHZaTv7bGG4H/M2rigiknezKg/WVyDSaLdE4YCcWAOoFB7pjjDqHbbV2OqRfntm1nnXvwMexg=="],

    "@ark/util": ["@ark/util@0.56.2", "", {}, "sha512-9kU2sUE38FZEGG7l3hamYMBieLYEJh2L1mrYD2eXpT+78EnQSV1bhjxJhnxGBMSTbtwpBSDNSK+K60WvaI/DTQ=="],

    "@better-auth/core": ["@better-auth/core@1.7.2", "", { "dependencies": { "@opentelemetry/semantic-conventions": "^1.41.1", "@standard-schema/spec": "^1.1.0", "zod": "^4.3.6" }, "peerDependencies": { "@better-auth/utils": "0.4.2", "@better-fetch/fetch": "1.3.1", "@cloudflare/workers-types": ">=4", "@opentelemetry/api": "^1.9.0", "better-call": "1.4.0", "jose": "^6.1.0", "kysely": "^0.28.5 || ^0.29.0", "nanostores": "^1.0.1" }, "optionalPeers": ["@cloudflare/workers-types", "@opentelemetry/api"] }, "sha512-j0nM4ygsWbF/fcYRoKtDn8gn8uLXkmC+075HqSqsJEAV828cJR9bvYBCUQ1zmxNyRBk6Iz/qXsA0Zm2oksiOTg=="],

    "@better-auth/drizzle-adapter": ["@better-auth/drizzle-adapter@1.7.2", "", { "peerDependencies": { "@better-auth/core": "^1.7.2", "@better-auth/utils": "0.4.2", "drizzle-orm": "^0.45.2 || >=1.0.0-rc.1 <2.0.0" }, "optionalPeers": ["drizzle-orm"] }, "sha512-A5wE10PIv3aS5LGePecEHntQylKy6OOF17B4dqlE0DwJeqU/IOBSd7/LZhMop9cNJ3WFjKMpazVSf91yYM/NFg=="],

    "@better-auth/kysely-adapter": ["@better-auth/kysely-adapter@1.7.2", "", { "peerDependencies": { "@better-auth/core": "^1.7.2", "@better-auth/utils": "0.4.2", "kysely": "^0.28.17 || ^0.29.0" }, "optionalPeers": ["kysely"] }, "sha512-LYdSRLOvZiF+6S0UThu+wE/Qxsq9P2jQs7ZKkY6BIBJqUjYyxVDmi8HFcantBvWWW1/BeQCSsD7YVDG4gICMIQ=="],

    "@better-auth/memory-adapter": ["@better-auth/memory-adapter@1.7.2", "", { "peerDependencies": { "@better-auth/core": "^1.7.2", "@better-auth/utils": "0.4.2" } }, "sha512-0q1SXMzm5esH9L0xVuM6IxCk59E4G+3HySX4My9gvEwqtmUobykn+iuc/si3Y4xwUO7JODqQ5o+/pPcLDDMIrA=="],

    "@better-auth/mongo-adapter": ["@better-auth/mongo-adapter@1.7.2", "", { "peerDependencies": { "@better-auth/core": "^1.7.2", "@better-auth/utils": "0.4.2", "mongodb": "^6.0.0 || ^7.0.0" }, "optionalPeers": ["mongodb"] }, "sha512-4879SmUWHUs0OYlvHoCFbycZ7i1bqytkcgAUdt9RLQMvZ5H3LRMTgax2YVlGZEXgwNjY/X7xAoXOecWLhlQWeA=="],

    "@better-auth/prisma-adapter": ["@better-auth/prisma-adapter@1.7.2", "", { "peerDependencies": { "@better-auth/core": "^1.7.2", "@better-auth/utils": "0.4.2", "@prisma/client": "^5.0.0 || ^6.0.0 || ^7.0.0", "prisma": "^5.0.0 || ^6.0.0 || ^7.0.0" }, "optionalPeers": ["@prisma/client", "prisma"] }, "sha512-mXTr/83WrNWLrvzIjtgDgdu9iXhOcSG1+qBQOAKlbGSFiOB+z4IMRneQ2wmMOiB8mKY9qGkClVUjKRFXqtHnFQ=="],

    "@better-auth/telemetry": ["@better-auth/telemetry@1.7.2", "", { "peerDependencies": { "@better-auth/core": "^1.7.2", "@better-auth/utils": "0.4.2", "@better-fetch/fetch": "1.3.1" } }, "sha512-LcWu+O0zrxYDQj8E36vfkJwGPW4k9ZDA/rCo0zST6ihzL+juR7pBowoZIM9E6tK0Vit52mf6412bGT4XM4eTjQ=="],

    "@better-auth/utils": ["@better-auth/utils@0.4.2", "", { "dependencies": { "@noble/hashes": "^2.0.1" } }, "sha512-AUxrvu+HaaODsUyzDxFgwd/8RZ1yZaYo42LXKSrU2oGgR38pS1ij8nqQKNgtTWoYGpNevNXtCfgTy6loHveW9A=="],

    "@better-fetch/fetch": ["@better-fetch/fetch@1.3.1", "", {}, "sha512-ABkD1WhyfPZprKRQI3bhATjeiFuNWC9PXhfGWqL+sg/gKrM977oFrYkdb4msM3hgUGonr7KlOsOFT5TU2rht9g=="],

    "@gar/promise-retry": ["@gar/promise-retry@1.0.3", "", {}, "sha512-GmzA9ckNokPypTg10pgpeHNQe7ph+iIKKmhKu3Ob9ANkswreCx7R3cKmY781K8QK3AqVL3xVh9A42JvIAbkkSA=="],

    "@hono/standard-validator": ["@hono/standard-validator@0.2.3", "", { "peerDependencies": { "@standard-schema/spec": "^1.0.0", "hono": ">=3.9.0" } }, "sha512-bp9vHu6Va6SfMHC3D4ZLBbT/woi+AZ9CRdTXQu3kLJuLh2W/Gb9UO4hijS+BQAGFXi4EGpXdetxpzwTAawSVeg=="],

    "@intx/agent": ["@intx/agent@0.3.0", "", { "dependencies": { "@intx/inference": "0.3.0", "@intx/log": "0.3.0", "@intx/mime": "0.3.0", "@intx/types": "0.3.0", "arktype": "^2.1.29" } }, "sha512-a7cgmH8FSsGQ7BpLKQhEwZYRfofWh3lWEGgKFsk53zdgjndtDfqAf2I64QMPAqC2Y2Npag/z1NA5lEsIqAGvPg=="],

    "@intx/authz": ["@intx/authz@0.3.0", "", { "dependencies": { "@intx/types": "0.3.0" } }, "sha512-kyIKQAVjfB8H84mES0QA4cNnYfpPoyLmQITVBxiuXv1VO/K74TQZnCDpoo0IL7oFk2q7bbDXSAEE4ubMBVTHzA=="],

    "@intx/crypto": ["@intx/crypto@0.3.0", "", { "dependencies": { "@intx/types": "0.3.0" } }, "sha512-NsRzvkFGb0Pcsm9uLFFSXNl6Cbu+ii6VkYAw81qs9IbZzbAFfsZSUVQaX6EZuPNyJ8KK4KmBtqmioq1mhXsJww=="],

    "@intx/db": ["@intx/db@0.3.0", "", { "dependencies": { "@intx/authz": "0.3.0", "@intx/crypto": "0.3.0", "@intx/log": "0.3.0", "@intx/types": "0.3.0", "arktype": "^2.1.29", "drizzle-orm": "^0.45.1", "postgres": "^3.4.8" } }, "sha512-MXNeUVJTftQuSHj5zSUBQsUcFN3wUBs8t6yT6lqjbaNxpT1C7kGx8qXb95WuadZln+krlLhyoUwGMF7EmYvlnw=="],

    "@intx/hub-api": ["@intx/hub-api@0.3.0", "", { "dependencies": { "@hono/standard-validator": "^0.2.2", "@intx/agent": "0.3.0", "@intx/authz": "0.3.0", "@intx/crypto": "0.3.0", "@intx/db": "0.3.0", "@intx/hub-common": "0.3.0", "@intx/hub-sessions": "0.3.0", "@intx/log": "0.3.0", "@intx/mime": "0.3.0", "@intx/storage-isogit": "0.3.0", "@intx/types": "0.3.0", "@intx/workflow-deploy": "0.3.0", "arktype": "^2.1.29", "better-auth": "^1.4.18", "drizzle-orm": "^0.45.1", "hono": "^4.11.9", "hono-openapi": "^1.2.0", "isomorphic-git": "^1.27.2", "ssri": "^12.0.0" } }, "sha512-o3KuJilWywIjQ82q+t3kC5syHm/JCexnEYegngBZ7HD4lvbEoUkJnmhVUS5NxEFsr2Oqp0jEe4kpC96oJ2sKDA=="],

    "@intx/hub-common": ["@intx/hub-common@0.3.0", "", { "dependencies": { "@intx/types": "0.3.0" } }, "sha512-dA8pTmBTu1JHGd3rGJrMsRWrai4GBBNnPxpZFFtXwQPzgL290lx2R+9BpRo2apdKbmgd+KOVshLvOdcUhAqghw=="],

    "@intx/hub-sessions": ["@intx/hub-sessions@0.3.0", "", { "dependencies": { "@intx/agent": "0.3.0", "@intx/crypto": "0.3.0", "@intx/db": "0.3.0", "@intx/hub-common": "0.3.0", "@intx/log": "0.3.0", "@intx/mime": "0.3.0", "@intx/pack-transport": "0.3.0", "@intx/storage-isogit": "0.3.0", "@intx/tool-packaging": "0.3.0", "@intx/types": "0.3.0", "@intx/workflow": "0.3.0", "@intx/workflow-deploy": "0.3.0", "arktype": "^2.1.29", "drizzle-orm": "^0.45.1", "isomorphic-git": "^1.27.2", "tar": "^7.5.1" } }, "sha512-L9B/vuQakvbj4CYrEhbNwu0z/S9/2jBXmaJdxaC1zfakbOiHya4HFW/YAZKAgOi7z0cpxFftsK/RN3Yyrd/+Wg=="],

    "@intx/inference": ["@intx/inference@0.3.0", "", { "dependencies": { "@intx/log": "0.3.0", "@intx/types": "0.3.0", "arktype": "^2.1.29" } }, "sha512-2DxqWRp5cSziXgDXPomSy0HTLVesBCtZErsKXYFnliTwYM6U+GRKk5rzwWMMgMWMFbtUaiogPExcNQYBYmfjQA=="],

    "@intx/log": ["@intx/log@0.3.0", "", { "dependencies": { "@logtape/hono": "^2.0.2", "@logtape/logtape": "^2.0.2" }, "peerDependencies": { "hono": "^4.0.0" }, "optionalPeers": ["hono"] }, "sha512-iooPSZjiEUO1A91X5STRhOAk+2RprliB4nbriV/dOOz86kuxZ60y5T8ISQ5Jaj1US870gntN6QwnefY38aWi2Q=="],

    "@intx/mime": ["@intx/mime@0.3.0", "", { "dependencies": { "@intx/crypto": "0.3.0", "@intx/types": "0.3.0", "arktype": "^2.1.29" } }, "sha512-jpKZZpfWRQJ6fI8BEpHnr83N+1ZHrnOMY978B/6bgcjFn3qtm1f3KiR0yaQ8eF3r1VF327r3H2qiCCx0OFN9Ow=="],

    "@intx/pack-transport": ["@intx/pack-transport@0.3.0", "", { "dependencies": { "@intx/types": "0.3.0" } }, "sha512-EQ1wM16323aIFhw3Ak6HwB8YqzKSAfRmJUwjIfqyXk2t6TGv4grws6dIs7Yau1dc372s/SO+GhvFaKgvI6XTWA=="],

    "@intx/storage-isogit": ["@intx/storage-isogit@0.3.0", "", { "dependencies": { "@intx/log": "0.3.0", "@intx/mime": "0.3.0", "@intx/types": "0.3.0", "@isomorphic-git/lightning-fs": "4.7.0", "arktype": "^2.1.29", "buffer": "^6.0.3", "isomorphic-git": "^1.27.2" } }, "sha512-nzhl9WvxV66J1jjBfuAOjvwgiuS1DScnYomCPQrBxZNG35M5CYR3xyqR0RN0GfTj/7JlKWk6rF6Lu44aZDfzuw=="],

    "@intx/tool-packaging": ["@intx/tool-packaging@0.3.0", "", { "dependencies": { "@intx/agent": "0.3.0", "@intx/log": "0.3.0", "@intx/storage-isogit": "0.3.0", "@intx/types": "0.3.0", "arktype": "^2.1.29", "isomorphic-git": "^1.27.2", "npm-package-arg": "^12.0.2", "npm-pick-manifest": "^10.0.0", "npm-registry-fetch": "^19.0.0", "semver": "^7.7.2", "ssri": "^12.0.0", "tar": "^7.5.1" } }, "sha512-Lr/xdEjXTindJRm+eITvfeqpW/yl71thYjr3HXl41GJ9wpuOZPCjm9vBoRVKhUSwmIUKBYbm2VplXCCXaS7f4g=="],

    "@intx/types": ["@intx/types@0.3.0", "", { "dependencies": { "arktype": "^2.1.29", "semver": "^7.7.2" } }, "sha512-PJ+v3IhtfZ4J7ZqJ8E39TteRMnC6Y503Q0JeCJdskkK+jhcjx01z7TJSozucagauAlpyh8Hn/9CyWFl53Ji0DQ=="],

    "@intx/workflow": ["@intx/workflow@0.3.0", "", { "dependencies": { "@intx/agent": "0.3.0", "@intx/inference": "0.3.0", "@intx/types": "0.3.0", "arktype": "^2.1.29" } }, "sha512-vaIqTohNNdCVhvZ4btWbIbpjp3140e5939tQP7t+rSkucTvnn6US+bXho1qUJyNQ577mf3YXHGgBCW8ppsnscA=="],

    "@intx/workflow-deploy": ["@intx/workflow-deploy@0.3.0", "", { "dependencies": { "@intx/agent": "0.3.0", "@intx/tool-packaging": "0.3.0", "@intx/types": "0.3.0", "@intx/workflow": "0.3.0" } }, "sha512-eiCFS+e6DV9UTWFX5eINQCbXHi2w5Wn9SXtAOHZa4PIXOzxXKVJL/uXE/c6TfCVqhrsDdzYwrtt9koi5qmYXCg=="],

    "@isaacs/fs-minipass": ["@isaacs/fs-minipass@4.0.1", "", { "dependencies": { "minipass": "^7.0.4" } }, "sha512-wgm9Ehl2jpeqP3zw/7mo3kRHFp5MEDhqAdwy1fTGkHAwnkGOVsgpvQhL8B5n1qlb01jV3n/bI0ZfZp5lWA1k4w=="],

    "@isomorphic-git/idb-keyval": ["@isomorphic-git/idb-keyval@3.3.2", "", {}, "sha512-r8/AdpiS0/WJCNR/t/gsgL+M8NMVj/ek7s60uz3LmpCaTF2mEVlZJlB01ZzalgYzRLXwSPC92o+pdzjM7PN/pA=="],

    "@isomorphic-git/lightning-fs": ["@isomorphic-git/lightning-fs@4.7.0", "", { "dependencies": { "@isomorphic-git/idb-keyval": "3.3.2", "isomorphic-textencoder": "1.0.1", "just-debounce-it": "1.1.0", "just-once": "1.1.0" }, "bin": { "superblocktxt": "src/superblocktxt.js" } }, "sha512-eJg541itXKCOyj3DBAnd0KNY1mNgi29GCpy7FgKWsgatu/ulEKv+dMxxjhUNL68Jh3uPTaGNfeAjdJiHUYEGnw=="],

    "@logtape/hono": ["@logtape/hono@2.3.2", "", { "peerDependencies": { "@logtape/logtape": "^2.3.2", "hono": "^4.0.0" } }, "sha512-fwjfktpQSucHQCO6OYCHUrcgwHPhU41VKTJt2gtqSoW3MjYMUtdZJTGJx2JTAj+8zyQ1cXqugkEKVG07wwSU4g=="],

    "@logtape/logtape": ["@logtape/logtape@2.3.2", "", {}, "sha512-SfxHfSdDlTp6tLpYP5uezNitSCTQUB3FZ1MXDbgDBN9t9kvF+XL0rOGTIa/pJcDMy1o9FELaZ25E/Ypmsf5fNQ=="],

    "@noble/ciphers": ["@noble/ciphers@2.4.0", "", {}, "sha512-AnjFn0Jv92laAkvMrghlFZq4qQCIN/4DxFV/eooqtC2YTjB7kBeLMS2T9KJX4Dn+ZVXLOwK0lSgqDtx9gvxtiw=="],

    "@noble/hashes": ["@noble/hashes@2.4.0", "", {}, "sha512-X5XaVWZIBCT7HHZGm5I7ZQXDwLG+bGXuSrMQAW+7Zvl87h1kmc1ZB1VSRJcpUfoUrGQp4Fkoxm5kZ+Ms+aW+eA=="],

    "@npmcli/agent": ["@npmcli/agent@4.0.2", "", { "dependencies": { "agent-base": "^7.1.0", "http-proxy-agent": "^7.0.0", "https-proxy-agent": "^7.0.1", "lru-cache": "^11.2.1", "socks-proxy-agent": "^8.0.3" } }, "sha512-EUEuWAxnL07Sp5/iC/1X6Xj+XThUvnbei9zfRWZdEXa7lss9RTHMhAHBeg+MZ5To9s/gGaSI+UwZTPdYMvKSeg=="],

    "@npmcli/fs": ["@npmcli/fs@5.0.0", "", { "dependencies": { "semver": "^7.3.5" } }, "sha512-7OsC1gNORBEawOa5+j2pXN9vsicaIOH5cPXxoR6fJOmH6/EXpJB2CajXOu1fPRFun2m1lktEFX11+P89hqO/og=="],

    "@npmcli/redact": ["@npmcli/redact@4.0.0", "", {}, "sha512-gOBg5YHMfZy+TfHArfVogwgfBeQnKbbGo3pSUyK/gSI0AVu+pEiDVcKlQb0D8Mg1LNRZILZ6XG8I5dJ4KuAd9Q=="],

    "@opentelemetry/semantic-conventions": ["@opentelemetry/semantic-conventions@1.43.0", "", {}, "sha512-eSYWTm620tTk45EKSedaUL8MFYI8hW164hIXsgIHyxu3VobUB3fFCu5t0hQby6OoWRPsG1KkKUG2M5UadiLiVg=="],

    "@standard-community/standard-json": ["@standard-community/standard-json@0.3.5", "", { "peerDependencies": { "@standard-schema/spec": "^1.0.0", "@types/json-schema": "^7.0.15", "@valibot/to-json-schema": "^1.3.0", "arktype": "^2.1.20", "effect": "^3.16.8", "quansync": "^0.2.11", "sury": "^10.0.0", "typebox": "^1.0.17", "valibot": "^1.1.0", "zod": "^3.25.0 || ^4.0.0", "zod-to-json-schema": "^3.24.5" }, "optionalPeers": ["@valibot/to-json-schema", "arktype", "effect", "sury", "typebox", "valibot", "zod", "zod-to-json-schema"] }, "sha512-4+ZPorwDRt47i+O7RjyuaxHRK/37QY/LmgxlGrRrSTLYoFatEOzvqIc85GTlM18SFZ5E91C+v0o/M37wZPpUHA=="],

    "@standard-community/standard-openapi": ["@standard-community/standard-openapi@0.2.9", "", { "peerDependencies": { "@standard-community/standard-json": "^0.3.5", "@standard-schema/spec": "^1.0.0", "arktype": "^2.1.20", "effect": "^3.17.14", "openapi-types": "^12.1.3", "sury": "^10.0.0", "typebox": "^1.0.0", "valibot": "^1.1.0", "zod": "^3.25.0 || ^4.0.0", "zod-openapi": "^4" }, "optionalPeers": ["arktype", "effect", "sury", "typebox", "valibot", "zod", "zod-openapi"] }, "sha512-htj+yldvN1XncyZi4rehbf9kLbu8os2Ke/rfqoZHCMHuw34kiF3LP/yQPdA0tQ940y8nDq3Iou8R3wG+AGGyvg=="],

    "@standard-schema/spec": ["@standard-schema/spec@1.1.0", "", {}, "sha512-l2aFy5jALhniG5HgqrD6jXLi/rUWrKvqN/qJx6yoJsgKhblVd+iqqU4RCXavm/jPityDo5TCvKMnpjKnOriy0w=="],

    "@types/bun": ["@types/bun@1.3.9", "", { "dependencies": { "bun-types": "1.3.9" } }, "sha512-KQ571yULOdWJiMH+RIWIOZ7B2RXQGpL1YQrBtLIV3FqDcCu6FsbFUBwhdKUlCKUpS3PJDsHlJ1QKlpxoVR+xtw=="],

    "@types/json-schema": ["@types/json-schema@7.0.15", "", {}, "sha512-5+fP8P8MFNC+AyZCDxrB2pkZFPGzqQWUzpSeuuVLvm8VMcorNYavBqoFcxK8bQz4Qsbn4oUEEem4wDLfcysGHA=="],

    "@types/node": ["@types/node@26.4.0", "", { "dependencies": { "undici-types": "~8.3.0" } }, "sha512-faiGnoIrLH/V8cibOMEAZ8pMw6oXqSukl29ra4mN8GdaB2ZewzeaLj+INpV5N+Z1eKWzY+IzaIZH2EIR6YZRNQ=="],

    "abort-controller": ["abort-controller@3.0.0", "", { "dependencies": { "event-target-shim": "^5.0.0" } }, "sha512-h8lQ8tacZYnR3vNQTgibj+tODHI5/+l06Au2Pcriv/Gmet0eaj4TwWH41sO9wnHDiQsEj19q0drzdWdeAHtweg=="],

    "agent-base": ["agent-base@7.1.4", "", {}, "sha512-MnA+YT8fwfJPgBx3m60MNqakm30XOkyIoH1y6huTQvC0PwZG7ki8NacLBcrPbNoo8vEZy7Jpuk7+jMO+CUovTQ=="],

    "arkregex": ["arkregex@0.0.8", "", { "dependencies": { "@ark/util": "0.56.2" } }, "sha512-PJcx6G1kQTgLKPUbeYlYecDRaKq15AMSGVajlKFYWlPeJRQL+j3dKE6tyMs40HZ99djS1l9Vhl3ezAHy9JBIqQ=="],

    "arktype": ["arktype@2.2.3", "", { "dependencies": { "@ark/schema": "0.56.2", "@ark/util": "0.56.2", "arkregex": "0.0.8" } }, "sha512-7W+0RLTUNJiBFIIZXwOQxSR8Z273IAd6IvqBeG9+gHnQKFsIx2C0iOtGTmMrPnlX4qLXyc5+ll7A0BIj9WrbTg=="],

    "async-lock": ["async-lock@1.4.1", "", {}, "sha512-Az2ZTpuytrtqENulXwO3GGv1Bztugx6TT37NIo7imr/Qo0gsYiGtSdBa2B6fsXhTpVZDNfu1Qn3pk531e3q+nQ=="],

    "available-typed-arrays": ["available-typed-arrays@1.0.7", "", { "dependencies": { "possible-typed-array-names": "^1.0.0" } }, "sha512-wvUjBtSGN7+7SjNpq/9M2Tg350UZD3q62IFZLbRAR1bSMlCo1ZaeW+BJ+D090e4hIIZLBcTDWe4Mh4jvUDajzQ=="],

    "balanced-match": ["balanced-match@4.0.4", "", {}, "sha512-BLrgEcRTwX2o6gGxGOCNyMvGSp35YofuYzw9h1IMTRmKqttAZZVU67bdb9Pr2vUHA8+j3i2tJfjO6C6+4myGTA=="],

    "base64-js": ["base64-js@1.5.1", "", {}, "sha512-AKpaYlHn8t4SVbOHCy+b5+KKgvR4vrsD8vbvrbiQJps7fKDTkjkDry6ji0rUJjC0kzbNePLwzxq8iypo41qeWA=="],

    "better-auth": ["better-auth@1.7.2", "", { "dependencies": { "@better-auth/core": "1.7.2", "@better-auth/drizzle-adapter": "1.7.2", "@better-auth/kysely-adapter": "1.7.2", "@better-auth/memory-adapter": "1.7.2", "@better-auth/mongo-adapter": "1.7.2", "@better-auth/prisma-adapter": "1.7.2", "@better-auth/telemetry": "1.7.2", "@better-auth/utils": "0.4.2", "@better-fetch/fetch": "1.3.1", "@noble/ciphers": "^2.2.0", "@noble/hashes": "^2.2.0", "better-call": "1.4.0", "defu": "^6.1.4", "jose": "^6.2.3", "kysely": "^0.28.17 || ^0.29.0", "nanostores": "^1.3.0", "zod": "^4.3.6" }, "peerDependencies": { "@lynx-js/react": "*", "@prisma/client": "^5.0.0 || ^6.0.0 || ^7.0.0", "@sveltejs/kit": "^2.0.0", "@tanstack/react-start": "^1.0.0", "@tanstack/solid-start": "^1.0.0", "better-sqlite3": "^12.0.0", "drizzle-kit": ">=0.31.4 || >=1.0.0-beta.1", "drizzle-orm": "^0.45.2 || >=1.0.0-rc.1 <2.0.0", "mongodb": "^6.0.0 || ^7.0.0", "mysql2": "^3.0.0", "next": "^14.0.0 || ^15.0.0 || ^16.0.0", "pg": "^8.0.0", "prisma": "^5.0.0 || ^6.0.0 || ^7.0.0", "react": "^18.0.0 || ^19.0.0", "react-dom": "^18.0.0 || ^19.0.0", "solid-js": "^1.0.0", "svelte": "^4.0.0 || ^5.0.0", "vitest": "^2.0.0 || ^3.0.0 || ^4.0.0", "vue": "^3.0.0" }, "optionalPeers": ["@lynx-js/react", "@prisma/client", "@sveltejs/kit", "@tanstack/react-start", "@tanstack/solid-start", "better-sqlite3", "drizzle-kit", "drizzle-orm", "mongodb", "mysql2", "next", "pg", "prisma", "react", "react-dom", "solid-js", "svelte", "vitest", "vue"] }, "sha512-gKapKBEvYIGcMxi74RjQ7EbFLiqyQt58vdoJmL1qAlWSkY1Bc2Vqshl524/3u1NxauiOU03M/Ebh762Brmac9A=="],

    "better-call": ["better-call@1.4.0", "", { "dependencies": { "@better-auth/utils": "^0.5.0", "@better-fetch/fetch": "^1.3.1", "rou3": "^0.9.1", "set-cookie-parser": "^3.1.2" }, "peerDependencies": { "zod": "^4.0.0" }, "optionalPeers": ["zod"] }, "sha512-bBKOT4vv1kZLDgxVePdilk/Jwkn+dtRRsmi3DzHcDP+WnswyVl6dR59l2HEeP/0cB+bDoopASAesWDPIdd/zZA=="],

    "brace-expansion": ["brace-expansion@5.0.9", "", { "dependencies": { "balanced-match": "^4.0.2" } }, "sha512-ScQ4IuvIEF1TMlP7Zt+vjJ//9zlPb2SDcxWxM3bk8s6t6GGdJ7KO1dCcTidOPJKePW30LE/2cT7wCyPho9/Wxg=="],

    "buffer": ["buffer@6.0.3", "", { "dependencies": { "base64-js": "^1.3.1", "ieee754": "^1.2.1" } }, "sha512-FTiCpNxtwiZZHEZbcbTIcZjERVICn9yq/pDFkTl95/AxzD1naBctN7YO68riM/gLSDY7sdrMby8hofADYuuqOA=="],

    "bun-types": ["bun-types@1.3.9", "", { "dependencies": { "@types/node": "*" } }, "sha512-+UBWWOakIP4Tswh0Bt0QD0alpTY8cb5hvgiYeWCMet9YukHbzuruIEeXC2D7nMJPB12kbh8C7XJykSexEqGKJg=="],

    "cacache": ["cacache@20.0.4", "", { "dependencies": { "@npmcli/fs": "^5.0.0", "fs-minipass": "^3.0.0", "glob": "^13.0.0", "lru-cache": "^11.1.0", "minipass": "^7.0.3", "minipass-collect": "^2.0.1", "minipass-flush": "^1.0.5", "minipass-pipeline": "^1.2.4", "p-map": "^7.0.2", "ssri": "^13.0.0" } }, "sha512-M3Lab8NPYlZU2exsL3bMVvMrMqgwCnMWfdZbK28bn3pK6APT/Te/I8hjRPNu1uwORY9a1eEQoifXbKPQMfMTOA=="],

    "call-bind": ["call-bind@1.0.9", "", { "dependencies": { "call-bind-apply-helpers": "^1.0.2", "es-define-property": "^1.0.1", "get-intrinsic": "^1.3.0", "set-function-length": "^1.2.2" } }, "sha512-a/hy+pNsFUTR+Iz8TCJvXudKVLAnz/DyeSUo10I5yvFDQJBFU2s9uqQpoSrJlroHUKoKqzg+epxyP9lqFdzfBQ=="],

    "call-bind-apply-helpers": ["call-bind-apply-helpers@1.0.2", "", { "dependencies": { "es-errors": "^1.3.0", "function-bind": "^1.1.2" } }, "sha512-Sp1ablJ0ivDkSzjcaJdxEunN5/XvksFJ2sMBFfq6x0ryhQV/2b/KwFe21cMpmHtPOSij8K99/wSfoEuTObmuMQ=="],

    "call-bound": ["call-bound@1.0.4", "", { "dependencies": { "call-bind-apply-helpers": "^1.0.2", "get-intrinsic": "^1.3.0" } }, "sha512-+ys997U96po4Kx/ABpBCqhA9EuxJaQWDQg7295H4hBphv3IZg0boBKuwYpt4YXp6MZ5AmZQnU/tyMTlRpaSejg=="],

    "chownr": ["chownr@3.0.0", "", {}, "sha512-+IxzY9BZOQd/XuYPRmrvEVjF/nqj5kgT4kEq7VofrDoM1MxoRjEWkrCC3EtLi59TVawxTAn+orJwFQcrqEN1+g=="],

    "clean-git-ref": ["clean-git-ref@2.0.1", "", {}, "sha512-bLSptAy2P0s6hU4PzuIMKmMJJSE6gLXGH1cntDu7bWJUksvuM+7ReOK61mozULErYvP6a15rnYl0zFDef+pyPw=="],

    "content-type": ["content-type@2.1.0", "", {}, "sha512-mj7UPXE0jaqaOsukNZRUEfEi2AcL7C/vwmwcHV0O97eO1E1pxBZuyjlZrx5seTaNBg1U6+o35wpa35Qfcc+7ag=="],

    "crc-32": ["crc-32@1.2.2", "", { "bin": { "crc32": "bin/crc32.njs" } }, "sha512-ROmzCKrTnOwybPcJApAA6WBWij23HVfGVNKqqrZpuyZOHqK2CwHSvpGuyt/UNNvaIjEd8X5IFGp4Mh+Ie1IHJQ=="],

    "debug": ["debug@4.4.3", "", { "dependencies": { "ms": "^2.1.3" }, "peerDependencies": { "supports-color": "*" }, "optionalPeers": ["supports-color"] }, "sha512-RGwwWnwQvkVfavKVt22FGLw+xYSdzARwm0ru6DhTVA3umU5hZc28V3kO4stgYryrTlLpuvgI9GiijltAjNbcqA=="],

    "decompress-response": ["decompress-response@6.0.0", "", { "dependencies": { "mimic-response": "^3.1.0" } }, "sha512-aW35yZM6Bb/4oJlZncMH2LCoZtJXTRxES17vE3hoRiowU2kWHaJKFkSBDnDR+cm9J+9QhXmREyIfv0pji9ejCQ=="],

    "define-data-property": ["define-data-property@1.1.4", "", { "dependencies": { "es-define-property": "^1.0.0", "es-errors": "^1.3.0", "gopd": "^1.0.1" } }, "sha512-rBMvIzlpA8v6E+SJZoo++HAYqsLrkg7MSfIinMPFhmkorw7X+dOXVJQs+QT69zGkzMyfDnIMN2Wid1+NbL3T+A=="],

    "defu": ["defu@6.1.7", "", {}, "sha512-7z22QmUWiQ/2d0KkdYmANbRUVABpZ9SNYyH5vx6PZ+nE5bcC0l7uFvEfHlyld/HcGBFTL536ClDt3DEcSlEJAQ=="],

    "diff3": ["diff3@0.0.3", "", {}, "sha512-iSq8ngPOt0K53A6eVr4d5Kn6GNrM2nQZtC740pzIriHtn4pOQ2lyzEXQMBeVcWERN0ye7fhBsk9PbLLQOnUx/g=="],

    "drizzle-orm": ["drizzle-orm@0.45.2", "", { "peerDependencies": { "@aws-sdk/client-rds-data": ">=3", "@cloudflare/workers-types": ">=4", "@electric-sql/pglite": ">=0.2.0", "@libsql/client": ">=0.10.0", "@libsql/client-wasm": ">=0.10.0", "@neondatabase/serverless": ">=0.10.0", "@op-engineering/op-sqlite": ">=2", "@opentelemetry/api": "^1.4.1", "@planetscale/database": ">=1.13", "@prisma/client": "*", "@tidbcloud/serverless": "*", "@types/better-sqlite3": "*", "@types/pg": "*", "@types/sql.js": "*", "@upstash/redis": ">=1.34.7", "@vercel/postgres": ">=0.8.0", "@xata.io/client": "*", "better-sqlite3": ">=7", "bun-types": "*", "expo-sqlite": ">=14.0.0", "gel": ">=2", "knex": "*", "kysely": "*", "mysql2": ">=2", "pg": ">=8", "postgres": ">=3", "prisma": "*", "sql.js": ">=1", "sqlite3": ">=5" }, "optionalPeers": ["@aws-sdk/client-rds-data", "@cloudflare/workers-types", "@electric-sql/pglite", "@libsql/client", "@libsql/client-wasm", "@neondatabase/serverless", "@op-engineering/op-sqlite", "@opentelemetry/api", "@planetscale/database", "@prisma/client", "@tidbcloud/serverless", "@types/better-sqlite3", "@types/pg", "@types/sql.js", "@upstash/redis", "@vercel/postgres", "@xata.io/client", "better-sqlite3", "bun-types", "expo-sqlite", "gel", "knex", "kysely", "mysql2", "pg", "postgres", "prisma", "sql.js", "sqlite3"] }, "sha512-kY0BSaTNYWnoDMVoyY8uxmyHjpJW1geOmBMdSSicKo9CIIWkSxMIj2rkeSR51b8KAPB7m+qysjuHme5nKP+E5Q=="],

    "dunder-proto": ["dunder-proto@1.0.1", "", { "dependencies": { "call-bind-apply-helpers": "^1.0.1", "es-errors": "^1.3.0", "gopd": "^1.2.0" } }, "sha512-KIN/nDJBQRcXw0MLVhZE9iQHmG68qAVIBg9CqmUYjmQIhgij9U5MFvrqkUL5FbtyyzZuOeOt0zdeRe4UY7ct+A=="],

    "es-define-property": ["es-define-property@1.0.1", "", {}, "sha512-e3nRfgfUZ4rNGL232gUgX06QNyyez04KdjFrF+LTRoOXmrOgFKDg4BCdsjW8EnT69eqdYGmRpJwiPVYNrCaW3g=="],

    "es-errors": ["es-errors@1.3.0", "", {}, "sha512-Zf5H2Kxt2xjTvbJvP2ZWLEICxA6j+hAmMzIlypy4xcBg1vKVnx89Wy0GbS+kf5cwCVFFzdCFh2XSCFNULS6csw=="],

    "es-object-atoms": ["es-object-atoms@1.1.2", "", { "dependencies": { "es-errors": "^1.3.0" } }, "sha512-HWcBoN6NileqtSydK2FqHbS/LoDd2pqrnQHLyJzBj4kOp/ky2MWMN694xOfkK8/SnUsW2DH7EfyVlydKCsm1Zw=="],

    "event-target-shim": ["event-target-shim@5.0.1", "", {}, "sha512-i/2XbnSz/uxRCU6+NdVJgKWDTM427+MqYbkQzD321DuCQJUqOuJKIA0IM2+W2xtYHdKOmZ4dR6fExsd4SXL+WQ=="],

    "events": ["events@3.3.0", "", {}, "sha512-mQw+2fkQbALzQ7V0MY0IqdnXNOeTtP4r0lN9z7AAawCXgqea7bDii20AYrIBrFd/Hx0M2Ocz6S111CaFkUcb0Q=="],

    "fast-text-encoding": ["fast-text-encoding@1.0.6", "", {}, "sha512-VhXlQgj9ioXCqGstD37E/HBeqEGV/qOD/kmbVG8h5xKBYvM1L3lR1Zn4555cQ8GkYbJa8aJSipLPndE1k6zK2w=="],

    "for-each": ["for-each@0.3.5", "", { "dependencies": { "is-callable": "^1.2.7" } }, "sha512-dKx12eRCVIzqCxFGplyFKJMPvLEWgmNtUrpTiJIR5u97zEhRG8ySrtboPHZXx7daLxQVrl643cTzbab2tkQjxg=="],

    "fs-minipass": ["fs-minipass@3.0.3", "", { "dependencies": { "minipass": "^7.0.3" } }, "sha512-XUBA9XClHbnJWSfBzjkm6RvPsyg3sryZt06BEQoXcF7EK/xpGaQYJgQKDJSUH5SGZ76Y7pFx1QBnXz09rU5Fbw=="],

    "function-bind": ["function-bind@1.1.2", "", {}, "sha512-7XHNxH7qX9xG5mIwxkhumTox/MIRNcOgDrxWsMt2pAr23WHp6MrRlN7FBSFpCpr+oVO0F744iUgR82nJMfG2SA=="],

    "get-intrinsic": ["get-intrinsic@1.3.0", "", { "dependencies": { "call-bind-apply-helpers": "^1.0.2", "es-define-property": "^1.0.1", "es-errors": "^1.3.0", "es-object-atoms": "^1.1.1", "function-bind": "^1.1.2", "get-proto": "^1.0.1", "gopd": "^1.2.0", "has-symbols": "^1.1.0", "hasown": "^2.0.2", "math-intrinsics": "^1.1.0" } }, "sha512-9fSjSaos/fRIVIp+xSJlE6lfwhES7LNtKaCBIamHsjr2na1BiABJPo0mOjjz8GJDURarmCPGqaiVg5mfjb98CQ=="],

    "get-proto": ["get-proto@1.0.1", "", { "dependencies": { "dunder-proto": "^1.0.1", "es-object-atoms": "^1.0.0" } }, "sha512-sTSfBjoXBp89JvIKIefqw7U2CCebsc74kiY6awiGogKtoSGbgjYE/G/+l9sF3MWFPNc9IcoOC4ODfKHfxFmp0g=="],

    "glob": ["glob@13.0.6", "", { "dependencies": { "minimatch": "^10.2.2", "minipass": "^7.1.3", "path-scurry": "^2.0.2" } }, "sha512-Wjlyrolmm8uDpm/ogGyXZXb1Z+Ca2B8NbJwqBVg0axK9GbBeoS7yGV6vjXnYdGm6X53iehEuxxbyiKp8QmN4Vw=="],

    "gopd": ["gopd@1.2.0", "", {}, "sha512-ZUKRh6/kUFoAiTAtTYPZJ3hw9wNxx+BIBOijnlG9PnrJsCcSjs1wyyD6vJpaYtgnzDrKYRSqf3OO6Rfa93xsRg=="],

    "has-property-descriptors": ["has-property-descriptors@1.0.2", "", { "dependencies": { "es-define-property": "^1.0.0" } }, "sha512-55JNKuIW+vq4Ke1BjOTjM2YctQIvCT7GFzHwmfZPGo5wnrgkid0YQtnAleFSqumZm4az3n2BS+erby5ipJdgrg=="],

    "has-symbols": ["has-symbols@1.1.0", "", {}, "sha512-1cDNdwJ2Jaohmb3sg4OmKaMBwuC48sYni5HUw2DvsC8LjGTLK9h+eb1X6RyuOHe4hT0ULCW68iomhjUoKUqlPQ=="],

    "has-tostringtag": ["has-tostringtag@1.0.2", "", { "dependencies": { "has-symbols": "^1.0.3" } }, "sha512-NqADB8VjPFLM2V0VvHUewwwsw0ZWBaIdgo+ieHtK3hasLz4qeCRjYcqfB6AQrBggRKppKF8L52/VqdVsO47Dlw=="],

    "hasown": ["hasown@2.0.4", "", { "dependencies": { "function-bind": "^1.1.2" } }, "sha512-T2UbfbBEF32wiepXIsMlTW9+dDYC6wMh/t/vYA4tuOMKqWz/n3vr1NFSxQiyP+zk2mXsoMA/i/7qV6LKut1t1A=="],

    "hono": ["hono@4.11.9", "", {}, "sha512-Eaw2YTGM6WOxA6CXbckaEvslr2Ne4NFsKrvc0v97JD5awbmeBLO5w9Ho9L9kmKonrwF9RJlW6BxT1PVv/agBHQ=="],

    "hono-openapi": ["hono-openapi@1.3.1", "", { "peerDependencies": { "@hono/standard-validator": "^0.2.0", "@standard-community/standard-json": "^0.3.5", "@standard-community/standard-openapi": "^0.2.9", "@types/json-schema": "^7.0.15", "hono": "^4.11.2", "openapi-types": "^12.1.3" }, "optionalPeers": ["@hono/standard-validator", "hono"] }, "sha512-NLVeVkhKZ3drmQNEIPac8HX8Y54uf1hJAgIM/7MfDsaeVVmB+QILWQxx5x3R3NvRHgedcbEbOCGY2uR7WQYyMw=="],

    "hosted-git-info": ["hosted-git-info@8.1.0", "", { "dependencies": { "lru-cache": "^10.0.1" } }, "sha512-Rw/B2DNQaPBICNXEm8balFz9a6WpZrkCGpcWFpy7nCj+NyhSdqXipmfvtmWt9xGfp0wZnBxB+iVpLmQMYt47Tw=="],

    "http-cache-semantics": ["http-cache-semantics@4.2.0", "", {}, "sha512-dTxcvPXqPvXBQpq5dUr6mEMJX4oIEFv6bwom3FDwKRDsuIjjJGANqhBuoAn9c1RQJIdAKav33ED65E2ys+87QQ=="],

    "http-proxy-agent": ["http-proxy-agent@7.0.2", "", { "dependencies": { "agent-base": "^7.1.0", "debug": "^4.3.4" } }, "sha512-T1gkAiYYDWYx3V5Bmyu7HcfcvL7mUrTWiM6yOfa3PIphViJ/gFPbvidQ+veqSOHci/PxBcDabeUNCzpOODJZig=="],

    "https-proxy-agent": ["https-proxy-agent@7.0.6", "", { "dependencies": { "agent-base": "^7.1.2", "debug": "4" } }, "sha512-vK9P5/iUfdl95AI+JVyUuIcVtd4ofvtrOr3HNtM2yxC9bnMbEdp3x01OhQNnjb8IJYi38VlTE3mBXwcfvywuSw=="],

    "iconv-lite": ["iconv-lite@0.7.3", "", { "dependencies": { "safer-buffer": ">= 2.1.2 < 3.0.0" } }, "sha512-IKXpvIzjnC9XTAUbVBcMfGS0EPaIXtW6v+zr+RRp+hqULEpo0owZax6wyRwPOJbWbzjYspQwusTsfVr0ifh4uQ=="],

    "ieee754": ["ieee754@1.2.1", "", {}, "sha512-dcyqhDvX1C46lXZcVqCpK+FtMRQVdIMN6/Df5js2zouUsqG7I6sFxitIC+7KYK29KdXOLHdu9zL4sFnoVQnqaA=="],

    "ignore": ["ignore@5.3.2", "", {}, "sha512-hsBTNUqQTDwkWtcdYI2i06Y/nUBEsNEDJKjWdigLvegy8kDuJAS8uRlpkkcQpyEXL0Z/pjDy5HBmMjRCJ2gq+g=="],

    "inherits": ["inherits@2.0.4", "", {}, "sha512-k/vGaX4/Yla3WzyMCvTQOXYeIHvqOKtnqBduzTHpzpQZzAskKMhZ2K+EnBiSM9zGSoIFeMpXKxa4dYeZIQqewQ=="],

    "ip-address": ["ip-address@10.5.0", "", {}, "sha512-R5SnVLJmgYYvf2F2ZgwSBnelz5G4q5AxIC277GDfUaNbrZKNANcBC7RHqYYePlszf4kBolVkJauG0ZjHHFh55g=="],

    "is-callable": ["is-callable@1.2.7", "", {}, "sha512-1BC0BVFhS/p0qtw6enp8e+8OD0UrK0oFLztSjNzhcKA3WDuJxxAPXzPuPtKkjEY9UUoEWlX/8fgKeu2S8i9JTA=="],

    "is-typed-array": ["is-typed-array@1.1.15", "", { "dependencies": { "which-typed-array": "^1.1.16" } }, "sha512-p3EcsicXjit7SaskXHs1hA91QxgTw46Fv6EFKKGS5DRFLD8yKnohjF3hxoju94b/OcMZoQukzpPpBE9uLVKzgQ=="],

    "isarray": ["isarray@2.0.5", "", {}, "sha512-xHjhDr3cNBK0BzdUJSPXZntQUx/mwMS5Rw4A7lPJ90XGAO6ISP/ePDNuo0vhqOZU+UD5JoodwCAAoZQd3FeAKw=="],

    "isomorphic-git": ["isomorphic-git@1.41.9", "", { "dependencies": { "async-lock": "^1.4.1", "clean-git-ref": "^2.0.1", "crc-32": "^1.2.0", "diff3": "0.0.3", "ignore": "^5.1.4", "minimisted": "^2.0.0", "pako": "^1.0.10", "pify": "^4.0.1", "readable-stream": "^4.0.0", "sha.js": "^2.4.12", "simple-get": "^4.0.1" }, "bin": { "isogit": "cli.cjs" } }, "sha512-WOh4ujm5mznHphzQvwj9bVj+pQpV0oZ8H4lAnh4dSaie+lN/lJ2rb6rNOOcP+2m4z8IOQp186TkEULD28NMBJg=="],

    "isomorphic-textencoder": ["isomorphic-textencoder@1.0.1", "", { "dependencies": { "fast-text-encoding": "^1.0.0" } }, "sha512-676hESgHullDdHDsj469hr+7t3i/neBKU9J7q1T4RHaWwLAsaQnywC0D1dIUId0YZ+JtVrShzuBk1soo0+GVcQ=="],

    "jose": ["jose@6.2.10", "", {}, "sha512-iiW7J9qRFlGxvCOIBDBDxFePQSn7ZMAnrYGhrrOo6siO/MIqwfyilLR27pkfDgUk+raLuzADS8A3S/KLBisc0g=="],

    "jsonparse": ["jsonparse@1.3.1", "", {}, "sha512-POQXvpdL69+CluYsillJ7SUhKvytYjW9vG/GKpnf+xP8UWgYEM/RaMzHHofbALDiKbbP1W8UEYmgGl39WkPZsg=="],

    "just-debounce-it": ["just-debounce-it@1.1.0", "", {}, "sha512-87Nnc0qZKgBZuhFZjYVjSraic0x7zwjhaTMrCKlj0QYKH6lh0KbFzVnfu6LHan03NO7J8ygjeBeD0epejn5Zcg=="],

    "just-once": ["just-once@1.1.0", "", {}, "sha512-+rZVpl+6VyTilK7vB/svlMPil4pxqIJZkbnN7DKZTOzyXfun6ZiFeq2Pk4EtCEHZ0VU4EkdFzG8ZK5F3PErcDw=="],

    "kysely": ["kysely@0.29.5", "", {}, "sha512-ooa+eSbBNPTo3MycPEuW5jdrxQdQwdtB3LC3h43FiXQbIry5tR0C5lDG7eealK0E4D7XjrnOP5DIUg/LyjRMYQ=="],

    "lru-cache": ["lru-cache@10.4.3", "", {}, "sha512-JNAzZcXrCt42VGLuYz0zfAzDfAvJWW6AfYlDBQyDV5DClI2m5sAmK+OIO7s59XfsRsWHp02jAJrRadPRGTt6SQ=="],

    "make-fetch-happen": ["make-fetch-happen@15.0.6", "", { "dependencies": { "@gar/promise-retry": "^1.0.0", "@npmcli/agent": "^4.0.0", "@npmcli/redact": "^4.0.0", "cacache": "^20.0.1", "http-cache-semantics": "^4.1.1", "minipass": "^7.0.2", "minipass-fetch": "^5.0.0", "minipass-flush": "^1.0.5", "minipass-pipeline": "^1.2.4", "negotiator": "^1.0.0", "proc-log": "^6.0.0", "ssri": "^13.0.0" } }, "sha512-Je0fLJ0F5atA7F+eIlLzk+Wkcl57JDf4kf+EW8xiP5E31xOQxkIxTbgf1Oi1Lw9tRI9UEMRdI5Vz2xTzoNU1Jw=="],

    "math-intrinsics": ["math-intrinsics@1.1.0", "", {}, "sha512-/IXtbwEk5HTPyEwyKX6hGkYXxM9nbj64B+ilVJnC/R6B0pH5G4V3b0pVbL7DBj4tkhBAppbQUlf6F6Xl9LHu1g=="],

    "mimic-response": ["mimic-response@3.1.0", "", {}, "sha512-z0yWI+4FDrrweS8Zmt4Ej5HdJmky15+L2e6Wgn3+iK5fWzb6T3fhNFq2+MeTRb064c6Wr4N/wv0DzQTjNzHNGQ=="],

    "minimatch": ["minimatch@10.2.6", "", { "dependencies": { "brace-expansion": "^5.0.8" } }, "sha512-vpLQEs+VLCr1nU0BXS07maYoFwlDAH0gngQuuttxIwutDFEMHq2blX+8vpgxDdK3J1PwjCJiep77OitTZ4Ll1A=="],

    "minimist": ["minimist@1.2.8", "", {}, "sha512-2yyAR8qBkN3YuheJanUpWC5U3bb5osDywNB8RzDVlDwDHbocAJveqqj1u8+SVD7jkWT4yvsHCpWqqWqAxb0zCA=="],

    "minimisted": ["minimisted@2.0.1", "", { "dependencies": { "minimist": "^1.2.5" } }, "sha512-1oPjfuLQa2caorJUM8HV8lGgWCc0qqAO1MNv/k05G4qslmsndV/5WdNZrqCiyqiz3wohia2Ij2B7w2Dr7/IyrA=="],

    "minipass": ["minipass@7.1.3", "", {}, "sha512-tEBHqDnIoM/1rXME1zgka9g6Q2lcoCkxHLuc7ODJ5BxbP5d4c2Z5cGgtXAku59200Cx7diuHTOYfSBD8n6mm8A=="],

    "minipass-collect": ["minipass-collect@2.0.1", "", { "dependencies": { "minipass": "^7.0.3" } }, "sha512-D7V8PO9oaz7PWGLbCACuI1qEOsq7UKfLotx/C0Aet43fCUB/wfQ7DYeq2oR/svFJGYDHPr38SHATeaj/ZoKHKw=="],

    "minipass-fetch": ["minipass-fetch@5.0.2", "", { "dependencies": { "minipass": "^7.0.3", "minipass-sized": "^2.0.0", "minizlib": "^3.0.1" }, "optionalDependencies": { "iconv-lite": "^0.7.2" } }, "sha512-2d0q2a8eCi2IRg/IGubCNRJoYbA1+YPXAzQVRFmB45gdGZafyivnZ5YSEfo3JikbjGxOdntGFvBQGqaSMXlAFQ=="],

    "minipass-flush": ["minipass-flush@1.0.7", "", { "dependencies": { "minipass": "^3.0.0" } }, "sha512-TbqTz9cUwWyHS2Dy89P3ocAGUGxKjjLuR9z8w4WUTGAVgEj17/4nhgo2Du56i0Fm3Pm30g4iA8Lcqctc76jCzA=="],

    "minipass-pipeline": ["minipass-pipeline@1.2.4", "", { "dependencies": { "minipass": "^3.0.0" } }, "sha512-xuIq7cIOt09RPRJ19gdi4b+RiNvDFYe5JH+ggNvBqGqpQXcru3PcRmOZuHBKWK1Txf9+cQ+HMVN4d6z46LZP7A=="],

    "minipass-sized": ["minipass-sized@2.0.0", "", { "dependencies": { "minipass": "^7.1.2" } }, "sha512-zSsHhto5BcUVM2m1LurnXY6M//cGhVaegT71OfOXoprxT6o780GZd792ea6FfrQkuU4usHZIUczAQMRUE2plzA=="],

    "minizlib": ["minizlib@3.1.0", "", { "dependencies": { "minipass": "^7.1.2" } }, "sha512-KZxYo1BUkWD2TVFLr0MQoM8vUUigWD3LlD83a/75BqC+4qE0Hb1Vo5v1FgcfaNXvfXzr+5EhQ6ing/CaBijTlw=="],

    "ms": ["ms@2.1.3", "", {}, "sha512-6FlzubTLZG3J2a/NVCAleEhjzq5oxgHyaCU9yYXvcLsvoVaHJq/s5xXI6/XXP6tz7R9xAOtHnSO/tXtF3WRTlA=="],

    "nanostores": ["nanostores@1.5.2", "", {}, "sha512-B0UbxzK1s0CN8Xht6r+7iT5+xV8PTaRERR1nATeplRv1Rw5YLWfVAid0hkqY3EceqpG4RjTk8GAwIxQY39Rnwg=="],

    "negotiator": ["negotiator@1.1.0", "", { "dependencies": { "content-type": "^2.1.0" } }, "sha512-NMPBRMJgiQHjbd8phG3Vebdx4kZ1H121rbl5IkMqeOsahptB9BKo/d7oJ3zTXqTgagn2bWlNSXkh0QUGM31RYg=="],

    "npm-install-checks": ["npm-install-checks@7.1.2", "", { "dependencies": { "semver": "^7.1.1" } }, "sha512-z9HJBCYw9Zr8BqXcllKIs5nI+QggAImbBdHphOzVYrz2CB4iQ6FzWyKmlqDZua+51nAu7FcemlbTc9VgQN5XDQ=="],

    "npm-normalize-package-bin": ["npm-normalize-package-bin@4.0.0", "", {}, "sha512-TZKxPvItzai9kN9H/TkmCtx/ZN/hvr3vUycjlfmH0ootY9yFBzNOpiXAdIn1Iteqsvk4lQn6B5PTrt+n6h8k/w=="],

    "npm-package-arg": ["npm-package-arg@12.0.2", "", { "dependencies": { "hosted-git-info": "^8.0.0", "proc-log": "^5.0.0", "semver": "^7.3.5", "validate-npm-package-name": "^6.0.0" } }, "sha512-f1NpFjNI9O4VbKMOlA5QoBq/vSQPORHcTZ2feJpFkTHJ9eQkdlmZEKSjcAhxTGInC7RlEyScT9ui67NaOsjFWA=="],

    "npm-pick-manifest": ["npm-pick-manifest@10.0.0", "", { "dependencies": { "npm-install-checks": "^7.1.0", "npm-normalize-package-bin": "^4.0.0", "npm-package-arg": "^12.0.0", "semver": "^7.3.5" } }, "sha512-r4fFa4FqYY8xaM7fHecQ9Z2nE9hgNfJR+EmoKv0+chvzWkBcORX3r0FpTByP+CbOVJDladMXnPQGVN8PBLGuTQ=="],

    "npm-registry-fetch": ["npm-registry-fetch@19.1.1", "", { "dependencies": { "@npmcli/redact": "^4.0.0", "jsonparse": "^1.3.1", "make-fetch-happen": "^15.0.0", "minipass": "^7.0.2", "minipass-fetch": "^5.0.0", "minizlib": "^3.0.1", "npm-package-arg": "^13.0.0", "proc-log": "^6.0.0" } }, "sha512-TakBap6OM1w0H73VZVDf44iFXsOS3h+L4wVMXmbWOQroZgFhMch0juN6XSzBNlD965yIKvWg2dfu7NSiaYLxtw=="],

    "once": ["once@1.4.0", "", { "dependencies": { "wrappy": "1" } }, "sha512-lNaJgI+2Q5URQBkccEKHTQOPaXdUxnZZElQTZY0MFUAuaEqe1E+Nyvgdz/aIyNi6Z9MzO5dv1H8n58/GELp3+w=="],

    "openapi-types": ["openapi-types@12.1.3", "", {}, "sha512-N4YtSYJqghVu4iek2ZUvcN/0aqH1kRDuNqzcycDxhOUpg7GdvLa2F3DgS6yBNhInhv2r/6I0Flkn7CqL8+nIcw=="],

    "p-map": ["p-map@7.0.7", "", {}, "sha512-VaWRu2i4FJNRtiRWCuuQRgfQ1B7a6+gMSrO+3j0EQi/k0ULfS9kosRxGoiqwzIjZTDI02tGfk5mXXltLg6QtfQ=="],

    "pako": ["pako@1.0.11", "", {}, "sha512-4hLB8Py4zZce5s4yd9XzopqwVv/yGNhV1Bl8NTmCq1763HeK2+EwVTv+leGeL13Dnh2wfbqowVPXCIO0z4taYw=="],

    "path-scurry": ["path-scurry@2.0.2", "", { "dependencies": { "lru-cache": "^11.0.0", "minipass": "^7.1.2" } }, "sha512-3O/iVVsJAPsOnpwWIeD+d6z/7PmqApyQePUtCndjatj/9I5LylHvt5qluFaBT3I5h3r1ejfR056c+FCv+NnNXg=="],

    "pify": ["pify@4.0.1", "", {}, "sha512-uB80kBFb/tfd68bVleG9T5GGsGPjJrLAUpR5PZIrhBnIaRTQRjqdJSsIKkOP6OAIFbj7GOrcudc5pNjZ+geV2g=="],

    "possible-typed-array-names": ["possible-typed-array-names@1.1.0", "", {}, "sha512-/+5VFTchJDoVj3bhoqi6UeymcD00DAwb1nJwamzPvHEszJ4FpF6SNNbUbOS8yI56qHzdV8eK0qEfOSiodkTdxg=="],

    "postgres": ["postgres@3.4.9", "", {}, "sha512-GD3qdB0x1z9xgFI6cdRD6xu2Sp2WCOEoe3mtnyB5Ee0XrrL5Pe+e4CCnJrRMnL1zYtRDZmQQVbvOttLnKDLnaw=="],

    "proc-log": ["proc-log@5.0.0", "", {}, "sha512-Azwzvl90HaF0aCz1JrDdXQykFakSSNPaPoiZ9fm5qJIMHioDZEi7OAdRwSm6rSoPtY3Qutnm3L7ogmg3dc+wbQ=="],

    "process": ["process@0.11.10", "", {}, "sha512-cdGef/drWFoydD1JsMzuFf8100nZl+GT+yacc2bEced5f9Rjk4z+WtFUTBu9PhOi9j/jfmBPu0mMEY4wIdAF8A=="],

    "quansync": ["quansync@0.2.11", "", {}, "sha512-AifT7QEbW9Nri4tAwR5M/uzpBuqfZf+zwaEM/QkzEjj7NBuFD2rBuy0K3dE+8wltbezDV7JMA0WfnCPYRSYbXA=="],

    "readable-stream": ["readable-stream@4.7.0", "", { "dependencies": { "abort-controller": "^3.0.0", "buffer": "^6.0.3", "events": "^3.3.0", "process": "^0.11.10", "string_decoder": "^1.3.0" } }, "sha512-oIGGmcpTLwPga8Bn6/Z75SVaH1z5dUut2ibSyAMVhmUggWpmDn2dapB0n7f8nwaSiRtepAsfJyfXIO5DCVAODg=="],

    "rou3": ["rou3@0.9.2", "", {}, "sha512-3SOzvaAg8rkHrXtRjpCvCvbyO5to9oOO27Z/XqHEYXfMRVSw/qMIVdmaOk9W2lcRLtR6dlqTjo9hDeJk70QBYQ=="],

    "safe-buffer": ["safe-buffer@5.2.1", "", {}, "sha512-rp3So07KcdmmKbGvgaNxQSJr7bGVSVk5S9Eq1F+ppbRo70+YeaDxkw5Dd8NPN+GD6bjnYm2VuPuCXmpuYvmCXQ=="],

    "safer-buffer": ["safer-buffer@2.1.2", "", {}, "sha512-YZo3K82SD7Riyi0E1EQPojLz7kpepnSQI9IyPbHHg1XXXevb5dJI7tpyN2ADxGcQbHG7vcyRHk0cbwqcQriUtg=="],

    "semver": ["semver@7.8.5", "", { "bin": { "semver": "bin/semver.js" } }, "sha512-Y7/KDsb8LjooZpwaqGyulO6DQlksgCncchHGk+sZIY4SBvUocMBEFH5Ur1fI4dV+Jvl0w6cjvucaIi40puRioA=="],

    "set-cookie-parser": ["set-cookie-parser@3.1.2", "", {}, "sha512-5/r/lTwbJ3zQ+qwdUFZYeRNqda7P5HD8zQKqlSjdGt1/S0cjLAphHusj4Y58ahDtWn/g32xrIS58/ikOvwl0Lw=="],

    "set-function-length": ["set-function-length@1.2.2", "", { "dependencies": { "define-data-property": "^1.1.4", "es-errors": "^1.3.0", "function-bind": "^1.1.2", "get-intrinsic": "^1.2.4", "gopd": "^1.0.1", "has-property-descriptors": "^1.0.2" } }, "sha512-pgRc4hJ4/sNjWCSS9AmnS40x3bNMDTknHgL5UaMBTMyJnU90EgWh1Rz+MC9eFu4BuN/UwZjKQuY/1v3rM7HMfg=="],

    "sha.js": ["sha.js@2.4.12", "", { "dependencies": { "inherits": "^2.0.4", "safe-buffer": "^5.2.1", "to-buffer": "^1.2.0" }, "bin": { "sha.js": "bin.js" } }, "sha512-8LzC5+bvI45BjpfXU8V5fdU2mfeKiQe1D1gIMn7XUlF3OTUrpdJpPPH4EMAnF0DsHHdSZqCdSss5qCmJKuiO3w=="],

    "simple-concat": ["simple-concat@1.0.1", "", {}, "sha512-cSFtAPtRhljv69IK0hTVZQ+OfE9nePi/rtJmw5UjHeVyVroEqJXP1sFztKUy1qU+xvz3u/sfYJLa947b7nAN2Q=="],

    "simple-get": ["simple-get@4.0.1", "", { "dependencies": { "decompress-response": "^6.0.0", "once": "^1.3.1", "simple-concat": "^1.0.0" } }, "sha512-brv7p5WgH0jmQJr1ZDDfKDOSeWWg+OVypG99A/5vYGPqJ6pxiaHLy8nxtFjBA7oMa01ebA9gfh1uMCFqOuXxvA=="],

    "smart-buffer": ["smart-buffer@4.2.0", "", {}, "sha512-94hK0Hh8rPqQl2xXc3HsaBoOXKV20MToPkcXvwbISWLEs+64sBq5kFgn2kJDHb1Pry9yrP0dxrCI9RRci7RXKg=="],

    "socks": ["socks@2.8.9", "", { "dependencies": { "ip-address": "^10.1.1", "smart-buffer": "^4.2.0" } }, "sha512-LJhUYUvItdQ0LkJTmPeaEObWXAqFyfmP85x0tch/ez9cahmhlBBLbIqDFnvBnUJGagb0JbIQrkBs1wJ+yRYpEw=="],

    "socks-proxy-agent": ["socks-proxy-agent@8.0.5", "", { "dependencies": { "agent-base": "^7.1.2", "debug": "^4.3.4", "socks": "^2.8.3" } }, "sha512-HehCEsotFqbPW9sJ8WVYB6UbmIMv7kUUORIF2Nncq4VQvBfNBLibW9YZR5dlYCSUhwcD628pRllm7n+E+YTzJw=="],

    "ssri": ["ssri@12.0.0", "", { "dependencies": { "minipass": "^7.0.3" } }, "sha512-S7iGNosepx9RadX82oimUkvr0Ct7IjJbEbs4mJcTxst8um95J3sDYU1RBEOvdu6oL1Wek2ODI5i4MAw+dZ6cAQ=="],

    "string_decoder": ["string_decoder@1.3.0", "", { "dependencies": { "safe-buffer": "~5.2.0" } }, "sha512-hkRX8U1WjJFd8LsDJ2yQ/wWWxaopEsABU1XfkM8A+j0+85JAGppt16cr1Whg6KIbb4okU6Mql6BOj+uup/wKeA=="],

    "tar": ["tar@7.5.22", "", { "dependencies": { "@isaacs/fs-minipass": "^4.0.0", "chownr": "^3.0.0", "minipass": "^7.1.2", "minizlib": "^3.1.0", "yallist": "^5.0.0" } }, "sha512-MFO/QzvtAOmJbkhOaCTvbGcFN9L9b+JunIsDwaKljSOdcLMea3NJ1k9Usz/rjdfSXTq4dfzfeS7W4p4YOAAHeA=="],

    "to-buffer": ["to-buffer@1.2.2", "", { "dependencies": { "isarray": "^2.0.5", "safe-buffer": "^5.2.1", "typed-array-buffer": "^1.0.3" } }, "sha512-db0E3UJjcFhpDhAF4tLo03oli3pwl3dbnzXOUIlRKrp+ldk/VUxzpWYZENsw2SZiuBjHAk7DfB0VU7NKdpb6sw=="],

    "typed-array-buffer": ["typed-array-buffer@1.0.3", "", { "dependencies": { "call-bound": "^1.0.3", "es-errors": "^1.3.0", "is-typed-array": "^1.1.14" } }, "sha512-nAYYwfY3qnzX30IkA6AQZjVbtK6duGontcQm1WSG1MD94YLqK0515GNApXkoxKOWMusVssAHWLh9SeaoefYFGw=="],

    "typescript": ["typescript@5.9.3", "", { "bin": { "tsc": "bin/tsc", "tsserver": "bin/tsserver" } }, "sha512-jl1vZzPDinLr9eUt3J/t7V6FgNEw9QjvBPdysz9KfQDD41fQrC2Y4vKQdiaUpFT4bXlb1RHhLpp8wtm6M5TgSw=="],

    "undici-types": ["undici-types@8.3.0", "", {}, "sha512-j375ScV60dom+YkPFIfTLcOiPxkN/buHz5GobjLhixFuANaNs3C9l4GmrWqejgXWJ7BbJcFYpTEUkS1Ge8bpZQ=="],

    "validate-npm-package-name": ["validate-npm-package-name@6.0.2", "", {}, "sha512-IUoow1YUtvoBBC06dXs8bR8B9vuA3aJfmQNKMoaPG/OFsPmoQvw8xh+6Ye25Gx9DQhoEom3Pcu9MKHerm/NpUQ=="],

    "which-typed-array": ["which-typed-array@1.1.22", "", { "dependencies": { "available-typed-arrays": "^1.0.7", "call-bind": "^1.0.9", "call-bound": "^1.0.4", "for-each": "^0.3.5", "get-proto": "^1.0.1", "gopd": "^1.2.0", "has-tostringtag": "^1.0.2" } }, "sha512-fvO4ExWMFsqyhG3AiPAObMuY1lxaqgYcxbc49CNdWDDECOJNgQyvsOWVwbZc+qf3rzRtxojBK+CMEv0Ld5CYpw=="],

    "wrappy": ["wrappy@1.0.2", "", {}, "sha512-l4Sp/DRseor9wL6EvV2+TuQn63dMkPjZ/sp9XkghTEbV9KlPS1xUsZ3u7/IQO4wxtcFB4bgpQPRcR3QCvezPcQ=="],

    "yallist": ["yallist@5.0.0", "", {}, "sha512-YgvUTfwqyc7UXVMrB+SImsVYSmTS8X/tSrtdNZMImM+n7+QTriRXyXim0mBrTXNeqzVF0KWGgHPeiyViFFrNDw=="],

    "zod": ["zod@4.5.2", "", {}, "sha512-XkYXCol10+ba/6F/cueWV+TezUeOqXW0hdeJt5CdXjTYeAgAQg5N03RQdJ80mhfFE72+pblvYMW4wy2Qp4Qbrg=="],

    "@npmcli/agent/lru-cache": ["lru-cache@11.5.2", "", {}, "sha512-4pfM1Ff0x50o0tQwb5ucw/RzNyD0/YJME6IVcStalZuMWxdt3sR3huStTtxz4PUmvZfRguvDejasvQ2kifR11g=="],

    "better-call/@better-auth/utils": ["@better-auth/utils@0.5.0", "", { "dependencies": { "@noble/hashes": "^2.0.1" } }, "sha512-BL8W4EfIZFwlu0r54m3v1ztjDhu6dDe/amLTm0xybmbZaNgYUqhD3SjpAsnq0q8YD6/ki4iwIgxJNLP/N3TxiA=="],

    "cacache/lru-cache": ["lru-cache@11.5.2", "", {}, "sha512-4pfM1Ff0x50o0tQwb5ucw/RzNyD0/YJME6IVcStalZuMWxdt3sR3huStTtxz4PUmvZfRguvDejasvQ2kifR11g=="],

    "cacache/ssri": ["ssri@13.0.1", "", { "dependencies": { "minipass": "^7.0.3" } }, "sha512-QUiRf1+u9wPTL/76GTYlKttDEBWV1ga9ZXW8BG6kfdeyyM8LGPix9gROyg9V2+P0xNyF3X2Go526xKFdMZrHSQ=="],

    "make-fetch-happen/proc-log": ["proc-log@6.1.0", "", {}, "sha512-iG+GYldRf2BQ0UDUAd6JQ/RwzaQy6mXmsk/IzlYyal4A4SNFw54MeH4/tLkF4I5WoWG9SQwuqWzS99jaFQHBuQ=="],

    "make-fetch-happen/ssri": ["ssri@13.0.1", "", { "dependencies": { "minipass": "^7.0.3" } }, "sha512-QUiRf1+u9wPTL/76GTYlKttDEBWV1ga9ZXW8BG6kfdeyyM8LGPix9gROyg9V2+P0xNyF3X2Go526xKFdMZrHSQ=="],

    "minipass-flush/minipass": ["minipass@3.3.6", "", { "dependencies": { "yallist": "^4.0.0" } }, "sha512-DxiNidxSEK+tHG6zOIklvNOwm3hvCrbUrdtzY74U6HKTJxvIDfOUL5W5P2Ghd3DTkhhKPYGqeNUIh5qcM4YBfw=="],

    "minipass-pipeline/minipass": ["minipass@3.3.6", "", { "dependencies": { "yallist": "^4.0.0" } }, "sha512-DxiNidxSEK+tHG6zOIklvNOwm3hvCrbUrdtzY74U6HKTJxvIDfOUL5W5P2Ghd3DTkhhKPYGqeNUIh5qcM4YBfw=="],

    "npm-registry-fetch/npm-package-arg": ["npm-package-arg@13.0.2", "", { "dependencies": { "hosted-git-info": "^9.0.0", "proc-log": "^6.0.0", "semver": "^7.3.5", "validate-npm-package-name": "^7.0.0" } }, "sha512-IciCE3SY3uE84Ld8WZU23gAPPV9rIYod4F+rc+vJ7h7cwAJt9Vk6TVsK60ry7Uj3SRS3bqRRIGuTp9YVlk6WNA=="],

    "npm-registry-fetch/proc-log": ["proc-log@6.1.0", "", {}, "sha512-iG+GYldRf2BQ0UDUAd6JQ/RwzaQy6mXmsk/IzlYyal4A4SNFw54MeH4/tLkF4I5WoWG9SQwuqWzS99jaFQHBuQ=="],

    "path-scurry/lru-cache": ["lru-cache@11.5.2", "", {}, "sha512-4pfM1Ff0x50o0tQwb5ucw/RzNyD0/YJME6IVcStalZuMWxdt3sR3huStTtxz4PUmvZfRguvDejasvQ2kifR11g=="],

    "minipass-flush/minipass/yallist": ["yallist@4.0.0", "", {}, "sha512-3wdGidZyq5PB084XLES5TpOSRA3wjXAlIWMhum2kRcv/41Sn2emQ0dycQW4uZXLejwKvg6EsvbdlVL+FYEct7A=="],

    "minipass-pipeline/minipass/yallist": ["yallist@4.0.0", "", {}, "sha512-3wdGidZyq5PB084XLES5TpOSRA3wjXAlIWMhum2kRcv/41Sn2emQ0dycQW4uZXLejwKvg6EsvbdlVL+FYEct7A=="],

    "npm-registry-fetch/npm-package-arg/hosted-git-info": ["hosted-git-info@9.0.3", "", { "dependencies": { "lru-cache": "^11.1.0" } }, "sha512-Hc+ghLoSt6QaYZUv0WBiIvmMDZuZZ7oaDvdH8MbfOO4lOsxdXLEvuC6ePoGs9H1X9oCLyq6+NVN0MKqD+ydxyg=="],

    "npm-registry-fetch/npm-package-arg/validate-npm-package-name": ["validate-npm-package-name@7.0.2", "", {}, "sha512-hVDIBwsRruT73PbK7uP5ebUt+ezEtCmzZz3F59BSr2F6OVFnJ/6h8liuvdLrQ88Xmnk6/+xGGuq+pG9WwTuy3A=="],

    "npm-registry-fetch/npm-package-arg/hosted-git-info/lru-cache": ["lru-cache@11.5.2", "", {}, "sha512-4pfM1Ff0x50o0tQwb5ucw/RzNyD0/YJME6IVcStalZuMWxdt3sR3huStTtxz4PUmvZfRguvDejasvQ2kifR11g=="],
  }
}
