{
  "lockfileVersion": 1,
  "configVersion": 1,
  "workspaces": {
    "": {
      "name": "@corbits/webhooks",
      "dependencies": {
        "@intx/crypto": "0.3.0",
        "@intx/db": "0.3.0",
        "@intx/types": "0.3.0",
        "hono": "4.11.9",
      },
      "devDependencies": {
        "@types/bun": "1.3.9",
        "typescript": "5.9.3",
      },
    },
  },
  "packages": {
    "@ark/schema": ["@ark/schema@0.56.2", "", { "dependencies": { "@ark/util": "0.56.2" } }, "sha512-Qx4D2JFbBWpntiHZaTv7bGG4H/M2rigiknezKg/WVyDSaLdE4YCcWAOoFB7pjjDqHbbV2OqRfntm1nnXvwMexg=="],

    "@ark/util": ["@ark/util@0.56.2", "", {}, "sha512-9kU2sUE38FZEGG7l3hamYMBieLYEJh2L1mrYD2eXpT+78EnQSV1bhjxJhnxGBMSTbtwpBSDNSK+K60WvaI/DTQ=="],

    "@intx/authz": ["@intx/authz@0.3.0", "", { "dependencies": { "@intx/types": "0.3.0" } }, "sha512-kyIKQAVjfB8H84mES0QA4cNnYfpPoyLmQITVBxiuXv1VO/K74TQZnCDpoo0IL7oFk2q7bbDXSAEE4ubMBVTHzA=="],

    "@intx/crypto": ["@intx/crypto@0.3.0", "", { "dependencies": { "@intx/types": "0.3.0" } }, "sha512-NsRzvkFGb0Pcsm9uLFFSXNl6Cbu+ii6VkYAw81qs9IbZzbAFfsZSUVQaX6EZuPNyJ8KK4KmBtqmioq1mhXsJww=="],

    "@intx/db": ["@intx/db@0.3.0", "", { "dependencies": { "@intx/authz": "0.3.0", "@intx/crypto": "0.3.0", "@intx/log": "0.3.0", "@intx/types": "0.3.0", "arktype": "^2.1.29", "drizzle-orm": "^0.45.1", "postgres": "^3.4.8" } }, "sha512-MXNeUVJTftQuSHj5zSUBQsUcFN3wUBs8t6yT6lqjbaNxpT1C7kGx8qXb95WuadZln+krlLhyoUwGMF7EmYvlnw=="],

    "@intx/log": ["@intx/log@0.3.0", "", { "dependencies": { "@logtape/hono": "^2.0.2", "@logtape/logtape": "^2.0.2" }, "peerDependencies": { "hono": "^4.0.0" }, "optionalPeers": ["hono"] }, "sha512-iooPSZjiEUO1A91X5STRhOAk+2RprliB4nbriV/dOOz86kuxZ60y5T8ISQ5Jaj1US870gntN6QwnefY38aWi2Q=="],

    "@intx/types": ["@intx/types@0.3.0", "", { "dependencies": { "arktype": "^2.1.29", "semver": "^7.7.2" } }, "sha512-PJ+v3IhtfZ4J7ZqJ8E39TteRMnC6Y503Q0JeCJdskkK+jhcjx01z7TJSozucagauAlpyh8Hn/9CyWFl53Ji0DQ=="],

    "@logtape/hono": ["@logtape/hono@2.3.2", "", { "peerDependencies": { "@logtape/logtape": "^2.3.2", "hono": "^4.0.0" } }, "sha512-fwjfktpQSucHQCO6OYCHUrcgwHPhU41VKTJt2gtqSoW3MjYMUtdZJTGJx2JTAj+8zyQ1cXqugkEKVG07wwSU4g=="],

    "@logtape/logtape": ["@logtape/logtape@2.3.2", "", {}, "sha512-SfxHfSdDlTp6tLpYP5uezNitSCTQUB3FZ1MXDbgDBN9t9kvF+XL0rOGTIa/pJcDMy1o9FELaZ25E/Ypmsf5fNQ=="],

    "@types/bun": ["@types/bun@1.3.9", "", { "dependencies": { "bun-types": "1.3.9" } }, "sha512-KQ571yULOdWJiMH+RIWIOZ7B2RXQGpL1YQrBtLIV3FqDcCu6FsbFUBwhdKUlCKUpS3PJDsHlJ1QKlpxoVR+xtw=="],

    "@types/node": ["@types/node@26.4.0", "", { "dependencies": { "undici-types": "~8.3.0" } }, "sha512-faiGnoIrLH/V8cibOMEAZ8pMw6oXqSukl29ra4mN8GdaB2ZewzeaLj+INpV5N+Z1eKWzY+IzaIZH2EIR6YZRNQ=="],

    "arkregex": ["arkregex@0.0.8", "", { "dependencies": { "@ark/util": "0.56.2" } }, "sha512-PJcx6G1kQTgLKPUbeYlYecDRaKq15AMSGVajlKFYWlPeJRQL+j3dKE6tyMs40HZ99djS1l9Vhl3ezAHy9JBIqQ=="],

    "arktype": ["arktype@2.2.3", "", { "dependencies": { "@ark/schema": "0.56.2", "@ark/util": "0.56.2", "arkregex": "0.0.8" } }, "sha512-7W+0RLTUNJiBFIIZXwOQxSR8Z273IAd6IvqBeG9+gHnQKFsIx2C0iOtGTmMrPnlX4qLXyc5+ll7A0BIj9WrbTg=="],

    "bun-types": ["bun-types@1.3.9", "", { "dependencies": { "@types/node": "*" } }, "sha512-+UBWWOakIP4Tswh0Bt0QD0alpTY8cb5hvgiYeWCMet9YukHbzuruIEeXC2D7nMJPB12kbh8C7XJykSexEqGKJg=="],

    "drizzle-orm": ["drizzle-orm@0.45.2", "", { "peerDependencies": { "@aws-sdk/client-rds-data": ">=3", "@cloudflare/workers-types": ">=4", "@electric-sql/pglite": ">=0.2.0", "@libsql/client": ">=0.10.0", "@libsql/client-wasm": ">=0.10.0", "@neondatabase/serverless": ">=0.10.0", "@op-engineering/op-sqlite": ">=2", "@opentelemetry/api": "^1.4.1", "@planetscale/database": ">=1.13", "@prisma/client": "*", "@tidbcloud/serverless": "*", "@types/better-sqlite3": "*", "@types/pg": "*", "@types/sql.js": "*", "@upstash/redis": ">=1.34.7", "@vercel/postgres": ">=0.8.0", "@xata.io/client": "*", "better-sqlite3": ">=7", "bun-types": "*", "expo-sqlite": ">=14.0.0", "gel": ">=2", "knex": "*", "kysely": "*", "mysql2": ">=2", "pg": ">=8", "postgres": ">=3", "prisma": "*", "sql.js": ">=1", "sqlite3": ">=5" }, "optionalPeers": ["@aws-sdk/client-rds-data", "@cloudflare/workers-types", "@electric-sql/pglite", "@libsql/client", "@libsql/client-wasm", "@neondatabase/serverless", "@op-engineering/op-sqlite", "@opentelemetry/api", "@planetscale/database", "@prisma/client", "@tidbcloud/serverless", "@types/better-sqlite3", "@types/pg", "@types/sql.js", "@upstash/redis", "@vercel/postgres", "@xata.io/client", "better-sqlite3", "bun-types", "expo-sqlite", "gel", "knex", "kysely", "mysql2", "pg", "postgres", "prisma", "sql.js", "sqlite3"] }, "sha512-kY0BSaTNYWnoDMVoyY8uxmyHjpJW1geOmBMdSSicKo9CIIWkSxMIj2rkeSR51b8KAPB7m+qysjuHme5nKP+E5Q=="],

    "hono": ["hono@4.11.9", "", {}, "sha512-Eaw2YTGM6WOxA6CXbckaEvslr2Ne4NFsKrvc0v97JD5awbmeBLO5w9Ho9L9kmKonrwF9RJlW6BxT1PVv/agBHQ=="],

    "postgres": ["postgres@3.4.9", "", {}, "sha512-GD3qdB0x1z9xgFI6cdRD6xu2Sp2WCOEoe3mtnyB5Ee0XrrL5Pe+e4CCnJrRMnL1zYtRDZmQQVbvOttLnKDLnaw=="],

    "semver": ["semver@7.8.5", "", { "bin": { "semver": "bin/semver.js" } }, "sha512-Y7/KDsb8LjooZpwaqGyulO6DQlksgCncchHGk+sZIY4SBvUocMBEFH5Ur1fI4dV+Jvl0w6cjvucaIi40puRioA=="],

    "typescript": ["typescript@5.9.3", "", { "bin": { "tsc": "bin/tsc", "tsserver": "bin/tsserver" } }, "sha512-jl1vZzPDinLr9eUt3J/t7V6FgNEw9QjvBPdysz9KfQDD41fQrC2Y4vKQdiaUpFT4bXlb1RHhLpp8wtm6M5TgSw=="],

    "undici-types": ["undici-types@8.3.0", "", {}, "sha512-j375ScV60dom+YkPFIfTLcOiPxkN/buHz5GobjLhixFuANaNs3C9l4GmrWqejgXWJ7BbJcFYpTEUkS1Ge8bpZQ=="],
  }
}
